// !$*UTF8*$!
{
	archiveVersion = 1;
	classes = {
	};
	objectVersion = 48;
	objects = {

/* Begin PBXBuildFile section */
		8BE9DF16201A81F8005FCE6F /* AlarmListViewController.swift in Sources */ = {isa = PBXBuildFile; fileRef = 8BE9DF15201A81F8005FCE6F /* AlarmListViewController.swift */; };
		8BE9DF18201A84C9005FCE6F /* CitySelectionViewController.swift in Sources */ = {isa = PBXBuildFile; fileRef = 8BE9DF17201A84C9005FCE6F /* CitySelectionViewController.swift */; };
		8BE9DF1A201A8936005FCE6F /* WorldClock.swift in Sources */ = {isa = PBXBuildFile; fileRef = 8BE9DF19201A8936005FCE6F /* WorldClock.swift */; };
		8BE9DF1C201A8DE7005FCE6F /* TODO in Resources */ = {isa = PBXBuildFile; fileRef = 8BE9DF1B201A8DE7005FCE6F /* TODO */; };
		AC05FB2620277D1D00FB654B /* AddAlarmViewController.swift in Sources */ = {isa = PBXBuildFile; fileRef = AC05FB2520277D1D00FB654B /* AddAlarmViewController.swift */; };
		AC05FB2C2028EF6200FB654B /* SelectedCityViewController.swift in Sources */ = {isa = PBXBuildFile; fileRef = AC05FB2B2028EF6200FB654B /* SelectedCityViewController.swift */; };
		AC40F6F52041F18300E17DA7 /* SegueInfo.swift in Sources */ = {isa = PBXBuildFile; fileRef = AC40F6F42041F18300E17DA7 /* SegueInfo.swift */; };
		AC70B0F3201A7A3600712DF9 /* AppDelegate.swift in Sources */ = {isa = PBXBuildFile; fileRef = AC70B0F2201A7A3600712DF9 /* AppDelegate.swift */; };
		AC70B0F5201A7A3600712DF9 /* WorldClockViewController.swift in Sources */ = {isa = PBXBuildFile; fileRef = AC70B0F4201A7A3600712DF9 /* WorldClockViewController.swift */; };
		AC70B0F8201A7A3600712DF9 /* Main.storyboard in Resources */ = {isa = PBXBuildFile; fileRef = AC70B0F6201A7A3600712DF9 /* Main.storyboard */; };
		AC70B0FA201A7A3600712DF9 /* Assets.xcassets in Resources */ = {isa = PBXBuildFile; fileRef = AC70B0F9201A7A3600712DF9 /* Assets.xcassets */; };
		AC70B0FD201A7A3600712DF9 /* LaunchScreen.storyboard in Resources */ = {isa = PBXBuildFile; fileRef = AC70B0FB201A7A3600712DF9 /* LaunchScreen.storyboard */; };
		AC70B108201A7A3600712DF9 /* ValenciaTests.swift in Sources */ = {isa = PBXBuildFile; fileRef = AC70B107201A7A3600712DF9 /* ValenciaTests.swift */; };
		AC8BBE8E203F2F51000365D2 /* RepeatViewController.swift in Sources */ = {isa = PBXBuildFile; fileRef = AC8BBE8D203F2F51000365D2 /* RepeatViewController.swift */; };
/* End PBXBuildFile section */

/* Begin PBXContainerItemProxy section */
		AC70B104201A7A3600712DF9 /* PBXContainerItemProxy */ = {
			isa = PBXContainerItemProxy;
			containerPortal = AC70B0E7201A7A3500712DF9 /* Project object */;
			proxyType = 1;
			remoteGlobalIDString = AC70B0EE201A7A3600712DF9;
			remoteInfo = Valencia;
		};
/* End PBXContainerItemProxy section */

/* Begin PBXFileReference section */
		8BE9DF15201A81F8005FCE6F /* AlarmListViewController.swift */ = {isa = PBXFileReference; lastKnownFileType = sourcecode.swift; path = AlarmListViewController.swift; sourceTree = "<group>"; };
		8BE9DF17201A84C9005FCE6F /* CitySelectionViewController.swift */ = {isa = PBXFileReference; lastKnownFileType = sourcecode.swift; path = CitySelectionViewController.swift; sourceTree = "<group>"; };
		8BE9DF19201A8936005FCE6F /* WorldClock.swift */ = {isa = PBXFileReference; lastKnownFileType = sourcecode.swift; path = WorldClock.swift; sourceTree = "<group>"; };
		8BE9DF1B201A8DE7005FCE6F /* TODO */ = {isa = PBXFileReference; lastKnownFileType = text; path = TODO; sourceTree = "<group>"; };
		AC05FB2520277D1D00FB654B /* AddAlarmViewController.swift */ = {isa = PBXFileReference; lastKnownFileType = sourcecode.swift; path = AddAlarmViewController.swift; sourceTree = "<group>"; };
		AC05FB2B2028EF6200FB654B /* SelectedCityViewController.swift */ = {isa = PBXFileReference; lastKnownFileType = sourcecode.swift; path = SelectedCityViewController.swift; sourceTree = "<group>"; };
		AC40F6F42041F18300E17DA7 /* SegueInfo.swift */ = {isa = PBXFileReference; lastKnownFileType = sourcecode.swift; path = SegueInfo.swift; sourceTree = "<group>"; };
		AC70B0EF201A7A3600712DF9 /* Valencia.app */ = {isa = PBXFileReference; explicitFileType = wrapper.application; includeInIndex = 0; path = Valencia.app; sourceTree = BUILT_PRODUCTS_DIR; };
		AC70B0F2201A7A3600712DF9 /* AppDelegate.swift */ = {isa = PBXFileReference; lastKnownFileType = sourcecode.swift; path = AppDelegate.swift; sourceTree = "<group>"; };
		AC70B0F4201A7A3600712DF9 /* WorldClockViewController.swift */ = {isa = PBXFileReference; lastKnownFileType = sourcecode.swift; path = WorldClockViewController.swift; sourceTree = "<group>"; };
		AC70B0F7201A7A3600712DF9 /* Base */ = {isa = PBXFileReference; lastKnownFileType = file.storyboard; name = Base; path = Base.lproj/Main.storyboard; sourceTree = "<group>"; };
		AC70B0F9201A7A3600712DF9 /* Assets.xcassets */ = {isa = PBXFileReference; lastKnownFileType = folder.assetcatalog; path = Assets.xcassets; sourceTree = "<group>"; };
		AC70B0FC201A7A3600712DF9 /* Base */ = {isa = PBXFileReference; lastKnownFileType = file.storyboard; name = Base; path = Base.lproj/LaunchScreen.storyboard; sourceTree = "<group>"; };
		AC70B0FE201A7A3600712DF9 /* Info.plist */ = {isa = PBXFileReference; lastKnownFileType = text.plist.xml; path = Info.plist; sourceTree = "<group>"; };
		AC70B103201A7A3600712DF9 /* ValenciaTests.xctest */ = {isa = PBXFileReference; explicitFileType = wrapper.cfbundle; includeInIndex = 0; path = ValenciaTests.xctest; sourceTree = BUILT_PRODUCTS_DIR; };
		AC70B107201A7A3600712DF9 /* ValenciaTests.swift */ = {isa = PBXFileReference; lastKnownFileType = sourcecode.swift; path = ValenciaTests.swift; sourceTree = "<group>"; };
		AC70B109201A7A3600712DF9 /* Info.plist */ = {isa = PBXFileReference; lastKnownFileType = text.plist.xml; path = Info.plist; sourceTree = "<group>"; };
		AC8BBE8D203F2F51000365D2 /* RepeatViewController.swift */ = {isa = PBXFileReference; lastKnownFileType = sourcecode.swift; path = RepeatViewController.swift; sourceTree = "<group>"; };
/* End PBXFileReference section */

/* Begin PBXFrameworksBuildPhase section */
		AC70B0EC201A7A3600712DF9 /* Frameworks */ = {
			isa = PBXFrameworksBuildPhase;
			buildActionMask = 2147483647;
			files = (
			);
			runOnlyForDeploymentPostprocessing = 0;
		};
		AC70B100201A7A3600712DF9 /* Frameworks */ = {
			isa = PBXFrameworksBuildPhase;
			buildActionMask = 2147483647;
			files = (
			);
			runOnlyForDeploymentPostprocessing = 0;
		};
/* End PBXFrameworksBuildPhase section */

/* Begin PBXGroup section */
		AC70B0E6201A7A3500712DF9 = {
			isa = PBXGroup;
			children = (
				AC70B0F1201A7A3600712DF9 /* Valencia */,
				AC70B106201A7A3600712DF9 /* ValenciaTests */,
				AC70B0F0201A7A3600712DF9 /* Products */,
			);
			sourceTree = "<group>";
		};
		AC70B0F0201A7A3600712DF9 /* Products */ = {
			isa = PBXGroup;
			children = (
				AC70B0EF201A7A3600712DF9 /* Valencia.app */,
				AC70B103201A7A3600712DF9 /* ValenciaTests.xctest */,
			);
			name = Products;
			sourceTree = "<group>";
		};
		AC70B0F1201A7A3600712DF9 /* Valencia */ = {
			isa = PBXGroup;
			children = (
				8BE9DF1B201A8DE7005FCE6F /* TODO */,
				AC70B0F2201A7A3600712DF9 /* AppDelegate.swift */,
				AC70B0F4201A7A3600712DF9 /* WorldClockViewController.swift */,
				8BE9DF17201A84C9005FCE6F /* CitySelectionViewController.swift */,
				8BE9DF15201A81F8005FCE6F /* AlarmListViewController.swift */,
				AC70B0F6201A7A3600712DF9 /* Main.storyboard */,
				AC05FB2520277D1D00FB654B /* AddAlarmViewController.swift */,
				AC05FB2B2028EF6200FB654B /* SelectedCityViewController.swift */,
				AC8BBE8D203F2F51000365D2 /* RepeatViewController.swift */,
				AC40F6F42041F18300E17DA7 /* SegueInfo.swift */,
				AC70B0F9201A7A3600712DF9 /* Assets.xcassets */,
				AC70B0FB201A7A3600712DF9 /* LaunchScreen.storyboard */,
				AC70B0FE201A7A3600712DF9 /* Info.plist */,
				8BE9DF19201A8936005FCE6F /* WorldClock.swift */,
			);
			path = Valencia;
			sourceTree = "<group>";
		};
		AC70B106201A7A3600712DF9 /* ValenciaTests */ = {
			isa = PBXGroup;
			children = (
				AC70B107201A7A3600712DF9 /* ValenciaTests.swift */,
				AC70B109201A7A3600712DF9 /* Info.plist */,
			);
			path = ValenciaTests;
			sourceTree = "<group>";
		};
/* End PBXGroup section */

/* Begin PBXNativeTarget section */
		AC70B0EE201A7A3600712DF9 /* Valencia */ = {
			isa = PBXNativeTarget;
			buildConfigurationList = AC70B10C201A7A3600712DF9 /* Build configuration list for PBXNativeTarget "Valencia" */;
			buildPhases = (
				AC70B0EB201A7A3600712DF9 /* Sources */,
				AC70B0EC201A7A3600712DF9 /* Frameworks */,
				AC70B0ED201A7A3600712DF9 /* Resources */,
			);
			buildRules = (
			);
			dependencies = (
			);
			name = Valencia;
			productName = Valencia;
			productReference = AC70B0EF201A7A3600712DF9 /* Valencia.app */;
			productType = "com.apple.product-type.application";
		};
		AC70B102201A7A3600712DF9 /* ValenciaTests */ = {
			isa = PBXNativeTarget;
			buildConfigurationList = AC70B10F201A7A3600712DF9 /* Build configuration list for PBXNativeTarget "ValenciaTests" */;
			buildPhases = (
				AC70B0FF201A7A3600712DF9 /* Sources */,
				AC70B100201A7A3600712DF9 /* Frameworks */,
				AC70B101201A7A3600712DF9 /* Resources */,
			);
			buildRules = (
			);
			dependencies = (
				AC70B105201A7A3600712DF9 /* PBXTargetDependency */,
			);
			name = ValenciaTests;
			productName = ValenciaTests;
			productReference = AC70B103201A7A3600712DF9 /* ValenciaTests.xctest */;
			productType = "com.apple.product-type.bundle.unit-test";
		};
/* End PBXNativeTarget section */

/* Begin PBXProject section */
		AC70B0E7201A7A3500712DF9 /* Project object */ = {
			isa = PBXProject;
			attributes = {
				LastSwiftUpdateCheck = 0920;
				LastUpgradeCheck = 0920;
				ORGANIZATIONNAME = "Two Berliners";
				TargetAttributes = {
					AC70B0EE201A7A3600712DF9 = {
						CreatedOnToolsVersion = 9.2;
						ProvisioningStyle = Automatic;
					};
					AC70B102201A7A3600712DF9 = {
						CreatedOnToolsVersion = 9.2;
						ProvisioningStyle = Automatic;
						TestTargetID = AC70B0EE201A7A3600712DF9;
					};
				};
			};
			buildConfigurationList = AC70B0EA201A7A3500712DF9 /* Build configuration list for PBXProject "Valencia" */;
			compatibilityVersion = "Xcode 8.0";
			developmentRegion = en;
			hasScannedForEncodings = 0;
			knownRegions = (
				en,
				Base,
			);
			mainGroup = AC70B0E6201A7A3500712DF9;
			productRefGroup = AC70B0F0201A7A3600712DF9 /* Products */;
			projectDirPath = "";
			projectRoot = "";
			targets = (
				AC70B0EE201A7A3600712DF9 /* Valencia */,
				AC70B102201A7A3600712DF9 /* ValenciaTests */,
			);
		};
/* End PBXProject section */

/* Begin PBXResourcesBuildPhase section */
		AC70B0ED201A7A3600712DF9 /* Resources */ = {
			isa = PBXResourcesBuildPhase;
			buildActionMask = 2147483647;
			files = (
				AC70B0FD201A7A3600712DF9 /* LaunchScreen.storyboard in Resources */,
				AC70B0FA201A7A3600712DF9 /* Assets.xcassets in Resources */,
				8BE9DF1C201A8DE7005FCE6F /* TODO in Resources */,
				AC70B0F8201A7A3600712DF9 /* Main.storyboard in Resources */,
			);
			runOnlyForDeploymentPostprocessing = 0;
		};
		AC70B101201A7A3600712DF9 /* Resources */ = {
			isa = PBXResourcesBuildPhase;
			buildActionMask = 2147483647;
			files = (
			);
			runOnlyForDeploymentPostprocessing = 0;
		};
/* End PBXResourcesBuildPhase section */

/* Begin PBXSourcesBuildPhase section */
		AC70B0EB201A7A3600712DF9 /* Sources */ = {
			isa = PBXSourcesBuildPhase;
			buildActionMask = 2147483647;
			files = (
				AC05FB2620277D1D00FB654B /* AddAlarmViewController.swift in Sources */,
				AC70B0F5201A7A3600712DF9 /* WorldClockViewController.swift in Sources */,
				8BE9DF16201A81F8005FCE6F /* AlarmListViewController.swift in Sources */,
				AC05FB2C2028EF6200FB654B /* SelectedCityViewController.swift in Sources */,
				8BE9DF18201A84C9005FCE6F /* CitySelectionViewController.swift in Sources */,
				AC40F6F52041F18300E17DA7 /* SegueInfo.swift in Sources */,
				AC8BBE8E203F2F51000365D2 /* RepeatViewController.swift in Sources */,
				8BE9DF1A201A8936005FCE6F /* WorldClock.swift in Sources */,
				AC70B0F3201A7A3600712DF9 /* AppDelegate.swift in Sources */,
			);
			runOnlyForDeploymentPostprocessing = 0;
		};
		AC70B0FF201A7A3600712DF9 /* Sources */ = {
			isa = PBXSourcesBuildPhase;
			buildActionMask = 2147483647;
			files = (
				AC70B108201A7A3600712DF9 /* ValenciaTests.swift in Sources */,
			);
			runOnlyForDeploymentPostprocessing = 0;
		};
/* End PBXSourcesBuildPhase section */

/* Begin PBXTargetDependency section */
		AC70B105201A7A3600712DF9 /* PBXTargetDependency */ = {
			isa = PBXTargetDependency;
			target = AC70B0EE201A7A3600712DF9 /* Valencia */;
			targetProxy = AC70B104201A7A3600712DF9 /* PBXContainerItemProxy */;
		};
/* End PBXTargetDependency section */

/* Begin PBXVariantGroup section */
		AC70B0F6201A7A3600712DF9 /* Main.storyboard */ = {
			isa = PBXVariantGroup;
			children = (
				AC70B0F7201A7A3600712DF9 /* Base */,
			);
			name = Main.storyboard;
			sourceTree = "<group>";
		};
		AC70B0FB201A7A3600712DF9 /* LaunchScreen.storyboard */ = {
			isa = PBXVariantGroup;
			children = (
				AC70B0FC201A7A3600712DF9 /* Base */,
			);
			name = LaunchScreen.storyboard;
			sourceTree = "<group>";
		};
/* End PBXVariantGroup section */

/* Begin XCBuildConfiguration section */
		AC70B10A201A7A3600712DF9 /* Debug */ = {
			isa = XCBuildConfiguration;
			buildSettings = {
				ALWAYS_SEARCH_USER_PATHS = NO;
				CLANG_ANALYZER_NONNULL = YES;
				CLANG_ANALYZER_NUMBER_OBJECT_CONVERSION = YES_AGGRESSIVE;
				CLANG_CXX_LANGUAGE_STANDARD = "gnu++14";
				CLANG_CXX_LIBRARY = "libc++";
				CLANG_ENABLE_MODULES = YES;
				CLANG_ENABLE_OBJC_ARC = YES;
				CLANG_WARN_BLOCK_CAPTURE_AUTORELEASING = YES;
				CLANG_WARN_BOOL_CONVERSION = YES;
				CLANG_WARN_COMMA = YES;
				CLANG_WARN_CONSTANT_CONVERSION = YES;
				CLANG_WARN_DIRECT_OBJC_ISA_USAGE = YES_ERROR;
				CLANG_WARN_DOCUMENTATION_COMMENTS = YES;
				CLANG_WARN_EMPTY_BODY = YES;
				CLANG_WARN_ENUM_CONVERSION = YES;
				CLANG_WARN_INFINITE_RECURSION = YES;
				CLANG_WARN_INT_CONVERSION = YES;
				CLANG_WARN_NON_LITERAL_NULL_CONVERSION = YES;
				CLANG_WARN_OBJC_LITERAL_CONVERSION = YES;
				CLANG_WARN_OBJC_ROOT_CLASS = YES_ERROR;
				CLANG_WARN_RANGE_LOOP_ANALYSIS = YES;
				CLANG_WARN_STRICT_PROTOTYPES = YES;
				CLANG_WARN_SUSPICIOUS_MOVE = YES;
				CLANG_WARN_UNGUARDED_AVAILABILITY = YES_AGGRESSIVE;
				CLANG_WARN_UNREACHABLE_CODE = YES;
				CLANG_WARN__DUPLICATE_METHOD_MATCH = YES;
				CODE_SIGN_IDENTITY = "iPhone Developer";
				COPY_PHASE_STRIP = NO;
				DEBUG_INFORMATION_FORMAT = dwarf;
				ENABLE_STRICT_OBJC_MSGSEND = YES;
				ENABLE_TESTABILITY = YES;
				GCC_C_LANGUAGE_STANDARD = gnu11;
				GCC_DYNAMIC_NO_PIC = NO;
				GCC_NO_COMMON_BLOCKS = YES;
				GCC_OPTIMIZATION_LEVEL = 0;
				GCC_PREPROCESSOR_DEFINITIONS = (
					"DEBUG=1",
					"$(inherited)",
				);
				GCC_WARN_64_TO_32_BIT_CONVERSION = YES;
				GCC_WARN_ABOUT_RETURN_TYPE = YES_ERROR;
				GCC_WARN_UNDECLARED_SELECTOR = YES;
				GCC_WARN_UNINITIALIZED_AUTOS = YES_AGGRESSIVE;
				GCC_WARN_UNUSED_FUNCTION = YES;
				GCC_WARN_UNUSED_VARIABLE = YES;
				IPHONEOS_DEPLOYMENT_TARGET = 11.2;
				MTL_ENABLE_DEBUG_INFO = YES;
				ONLY_ACTIVE_ARCH = YES;
				SDKROOT = iphoneos;
				SWIFT_ACTIVE_COMPILATION_CONDITIONS = DEBUG;
				SWIFT_OPTIMIZATION_LEVEL = "-Onone";
			};
			name = Debug;
		};
		AC70B10B201A7A3600712DF9 /* Release */ = {
			isa = XCBuildConfiguration;
			buildSettings = {
				ALWAYS_SEARCH_USER_PATHS = NO;
				CLANG_ANALYZER_NONNULL = YES;
				CLANG_ANALYZER_NUMBER_OBJECT_CONVERSION = YES_AGGRESSIVE;
				CLANG_CXX_LANGUAGE_STANDARD = "gnu++14";
				CLANG_CXX_LIBRARY = "libc++";
				CLANG_ENABLE_MODULES = YES;
				CLANG_ENABLE_OBJC_ARC = YES;
				CLANG_WARN_BLOCK_CAPTURE_AUTORELEASING = YES;
				CLANG_WARN_BOOL_CONVERSION = YES;
				CLANG_WARN_COMMA = YES;
				CLANG_WARN_CONSTANT_CONVERSION = YES;
				CLANG_WARN_DIRECT_OBJC_ISA_USAGE = YES_ERROR;
				CLANG_WARN_DOCUMENTATION_COMMENTS = YES;
				CLANG_WARN_EMPTY_BODY = YES;
				CLANG_WARN_ENUM_CONVERSION = YES;
				CLANG_WARN_INFINITE_RECURSION = YES;
				CLANG_WARN_INT_CONVERSION = YES;
				CLANG_WARN_NON_LITERAL_NULL_CONVERSION = YES;
				CLANG_WARN_OBJC_LITERAL_CONVERSION = YES;
				CLANG_WARN_OBJC_ROOT_CLASS = YES_ERROR;
				CLANG_WARN_RANGE_LOOP_ANALYSIS = YES;
				CLANG_WARN_STRICT_PROTOTYPES = YES;
				CLANG_WARN_SUSPICIOUS_MOVE = YES;
				CLANG_WARN_UNGUARDED_AVAILABILITY = YES_AGGRESSIVE;
				CLANG_WARN_UNREACHABLE_CODE = YES;
				CLANG_WARN__DUPLICATE_METHOD_MATCH = YES;
				CODE_SIGN_IDENTITY = "iPhone Developer";
				COPY_PHASE_STRIP = NO;
				DEBUG_INFORMATION_FORMAT = "dwarf-with-dsym";
				ENABLE_NS_ASSERTIONS = NO;
				ENABLE_STRICT_OBJC_MSGSEND = YES;
				GCC_C_LANGUAGE_STANDARD = gnu11;
				GCC_NO_COMMON_BLOCKS = YES;
				GCC_WARN_64_TO_32_BIT_CONVERSION = YES;
				GCC_WARN_ABOUT_RETURN_TYPE = YES_ERROR;
				GCC_WARN_UNDECLARED_SELECTOR = YES;
				GCC_WARN_UNINITIALIZED_AUTOS = YES_AGGRESSIVE;
				GCC_WARN_UNUSED_FUNCTION = YES;
				GCC_WARN_UNUSED_VARIABLE = YES;
				IPHONEOS_DEPLOYMENT_TARGET = 11.2;
				MTL_ENABLE_DEBUG_INFO = NO;
				SDKROOT = iphoneos;
				SWIFT_OPTIMIZATION_LEVEL = "-Owholemodule";
				VALIDATE_PRODUCT = YES;
			};
			name = Release;
		};
		AC70B10D201A7A3600712DF9 /* Debug */ = {
			isa = XCBuildConfiguration;
			buildSettings = {
				ASSETCATALOG_COMPILER_APPICON_NAME = AppIcon;
				CODE_SIGN_STYLE = Automatic;
				DEVELOPMENT_TEAM = XZQ827NZWJ;
				INFOPLIST_FILE = Valencia/Info.plist;
				LD_RUNPATH_SEARCH_PATHS = "$(inherited) @executable_path/Frameworks";
				PRODUCT_BUNDLE_IDENTIFIER = berlin.suho.Valencia;
				PRODUCT_NAME = "$(TARGET_NAME)";
				SWIFT_VERSION = 4.0;
				TARGETED_DEVICE_FAMILY = "1,2";
			};
			name = Debug;
		};
		AC70B10E201A7A3600712DF9 /* Release */ = {
			isa = XCBuildConfiguration;
			buildSettings = {
				ASSETCATALOG_COMPILER_APPICON_NAME = AppIcon;
				CODE_SIGN_STYLE = Automatic;
				DEVELOPMENT_TEAM = XZQ827NZWJ;
				INFOPLIST_FILE = Valencia/Info.plist;
				LD_RUNPATH_SEARCH_PATHS = "$(inherited) @executable_path/Frameworks";
				PRODUCT_BUNDLE_IDENTIFIER = berlin.suho.Valencia;
				PRODUCT_NAME = "$(TARGET_NAME)";
				SWIFT_VERSION = 4.0;
				TARGETED_DEVICE_FAMILY = "1,2";
			};
			name = Release;
		};
		AC70B110201A7A3600712DF9 /* Debug */ = {
			isa = XCBuildConfiguration;
			buildSettings = {
				ALWAYS_EMBED_SWIFT_STANDARD_LIBRARIES = YES;
				BUNDLE_LOADER = "$(TEST_HOST)";
				CODE_SIGN_STYLE = Automatic;
				DEVELOPMENT_TEAM = XZQ827NZWJ;
				INFOPLIST_FILE = ValenciaTests/Info.plist;
				LD_RUNPATH_SEARCH_PATHS = "$(inherited) @executable_path/Frameworks @loader_path/Frameworks";
				PRODUCT_BUNDLE_IDENTIFIER = berlin.suho.ValenciaTests;
				PRODUCT_NAME = "$(TARGET_NAME)";
				SWIFT_VERSION = 4.0;
				TARGETED_DEVICE_FAMILY = "1,2";
				TEST_HOST = "$(BUILT_PRODUCTS_DIR)/Valencia.app/Valencia";
			};
			name = Debug;
		};
		AC70B111201A7A3600712DF9 /* Release */ = {
			isa = XCBuildConfiguration;
			buildSettings = {
				ALWAYS_EMBED_SWIFT_STANDARD_LIBRARIES = YES;
				BUNDLE_LOADER = "$(TEST_HOST)";
				CODE_SIGN_STYLE = Automatic;
				DEVELOPMENT_TEAM = XZQ827NZWJ;
				INFOPLIST_FILE = ValenciaTests/Info.plist;
				LD_RUNPATH_SEARCH_PATHS = "$(inherited) @executable_path/Frameworks @loader_path/Frameworks";
				PRODUCT_BUNDLE_IDENTIFIER = berlin.suho.ValenciaTests;
				PRODUCT_NAME = "$(TARGET_NAME)";
				SWIFT_VERSION = 4.0;
				TARGETED_DEVICE_FAMILY = "1,2";
				TEST_HOST = "$(BUILT_PRODUCTS_DIR)/Valencia.app/Valencia";
			};
			name = Release;
		};
/* End XCBuildConfiguration section */

/* Begin XCConfigurationList section */
		AC70B0EA201A7A3500712DF9 /* Build configuration list for PBXProject "Valencia" */ = {
			isa = XCConfigurationList;
			buildConfigurations = (
				AC70B10A201A7A3600712DF9 /* Debug */,
				AC70B10B201A7A3600712DF9 /* Release */,
			);
			defaultConfigurationIsVisible = 0;
			defaultConfigurationName = Release;
		};
		AC70B10C201A7A3600712DF9 /* Build configuration list for PBXNativeTarget "Valencia" */ = {
			isa = XCConfigurationList;
			buildConfigurations = (
				AC70B10D201A7A3600712DF9 /* Debug */,
				AC70B10E201A7A3600712DF9 /* Release */,
			);
			defaultConfigurationIsVisible = 0;
			defaultConfigurationName = Release;
		};
		AC70B10F201A7A3600712DF9 /* Build configuration list for PBXNativeTarget "ValenciaTests" */ = {
			isa = XCConfigurationList;
			buildConfigurations = (
				AC70B110201A7A3600712DF9 /* Debug */,
				AC70B111201A7A3600712DF9 /* Release */,
			);
			defaultConfigurationIsVisible = 0;
			defaultConfigurationName = Release;
		};
/* End XCConfigurationList section */
	};
	rootObject = AC70B0E7201A7A3500712DF9 /* Project object */;
}
